
Microsoft Visual Studio Solution File, Format Version 12.00
# Visual Studio 15
VisualStudioVersion = 15.0.28307.539
MinimumVisualStudioVersion = 10.0.40219.1
Project("{FAE04EC0-301F-11D3-BF4B-00C04F79EFBC}") = "QuanLyThietBi", "QuanLyThietBi\QuanLyThietBi.csproj", "{65C9DD07-0BE2-4636-A4AE-4B29C3F7EB4B}"
EndProject
Global
	GlobalSection(SolutionConfigurationPlatforms) = preSolution
		Debug|Any CPU = Debug|Any CPU
		Release|Any CPU = Release|Any CPU
	EndGlobalSection
	GlobalSection(ProjectConfigurationPlatforms) = postSolution
		{65C9DD07-0BE2-4636-A4AE-4B29C3F7EB4B}.Debug|Any CPU.ActiveCfg = Debug|Any CPU
		{65C9DD07-0BE2-4636-A4AE-4B29C3F7EB4B}.Debug|Any CPU.Build.0 = Debug|Any CPU
		{65C9DD07-0BE2-4636-A4AE-4B29C3F7EB4B}.Release|Any CPU.ActiveCfg = Release|Any CPU
		{65C9DD07-0BE2-4636-A4AE-4B29C3F7EB4B}.Release|Any CPU.Build.0 = Release|Any CPU
	EndGlobalSection
	GlobalSection(SolutionProperties) = preSolution
		HideSolutionNode = FALSE
	EndGlobalSection
	GlobalSection(ExtensibilityGlobals) = postSolution
		SolutionGuid = {B3471876-CA2E-45DF-9809-654DB5D0DF47}
	EndGlobalSection
EndGlobal
